
Microsoft Visual Studio Solution File, Format Version 12.00
# Visual Studio Version 17
VisualStudioVersion = 17.6.33815.320
MinimumVisualStudioVersion = 10.0.40219.1
Project("{FAE04EC0-301F-11D3-BF4B-00C04F79EFBC}") = "FinalTask13.6.2", "FinalTask13.6.2\FinalTask13.6.2.csproj", "{D9C6E576-2F67-4C65-A206-D7CA56D37BD5}"
EndProject
Global
	GlobalSection(SolutionConfigurationPlatforms) = preSolution
		Debug|Any CPU = Debug|Any CPU
		Release|Any CPU = Release|Any CPU
	EndGlobalSection
	GlobalSection(ProjectConfigurationPlatforms) = postSolution
		{D9C6E576-2F67-4C65-A206-D7CA56D37BD5}.Debug|Any CPU.ActiveCfg = Debug|Any CPU
		{D9C6E576-2F67-4C65-A206-D7CA56D37BD5}.Debug|Any CPU.Build.0 = Debug|Any CPU
		{D9C6E576-2F67-4C65-A206-D7CA56D37BD5}.Release|Any CPU.ActiveCfg = Release|Any CPU
		{D9C6E576-2F67-4C65-A206-D7CA56D37BD5}.Release|Any CPU.Build.0 = Release|Any CPU
	EndGlobalSection
	GlobalSection(SolutionProperties) = preSolution
		HideSolutionNode = FALSE
	EndGlobalSection
	GlobalSection(ExtensibilityGlobals) = postSolution
		SolutionGuid = {20007765-6E79-4EB6-8966-8BFB5334EA46}
	EndGlobalSection
EndGlobal
